
Microsoft Visual Studio Solution File, Format Version 11.00
# Visual Studio 2010
Project("{FAE04EC0-301F-11D3-BF4B-00C04F79EFBC}") = "CryoAOP.Core", "Core\CryoAOP.Core.csproj", "{A9F21F60-C68B-4C35-8260-A0BCC07634F0}"
EndProject
Project("{FAE04EC0-301F-11D3-BF4B-00C04F79EFBC}") = "CryoAOP.Tests", "Tests\CryoAOP.Tests.csproj", "{95E6F269-3BF7-4087-8D23-BAB9EAAF600B}"
EndProject
Project("{2150E333-8FDC-42A3-9474-1A3956D46DE8}") = "Shared", "Shared", "{7E4A6612-DE2C-447E-8286-161735974BBA}"
	ProjectSection(SolutionItems) = preProject
		SolutionInfo.cs = SolutionInfo.cs
	EndProjectSection
EndProject
Project("{FAE04EC0-301F-11D3-BF4B-00C04F79EFBC}") = "CryoAOP.TestAssembly", "TestAssembly\CryoAOP.TestAssembly.csproj", "{0E534898-AA45-405E-9411-9D302F1E4278}"
EndProject
Project("{FAE04EC0-301F-11D3-BF4B-00C04F79EFBC}") = "Mono.Cecil", "..\Mono-Cecil\Mono.Cecil.csproj", "{D68133BD-1E63-496E-9EDE-4FBDBF77B486}"
EndProject
Project("{FAE04EC0-301F-11D3-BF4B-00C04F79EFBC}") = "CryoAOP", "CryoAOP\CryoAOP.csproj", "{A9C22D19-786A-4C99-BFB6-715F710FA3A9}"
EndProject
Global
	GlobalSection(SolutionConfigurationPlatforms) = preSolution
		Debug|Any CPU = Debug|Any CPU
		Debug|Mixed Platforms = Debug|Mixed Platforms
		Debug|x86 = Debug|x86
		net_2_0_Debug|Any CPU = net_2_0_Debug|Any CPU
		net_2_0_Debug|Mixed Platforms = net_2_0_Debug|Mixed Platforms
		net_2_0_Debug|x86 = net_2_0_Debug|x86
		net_2_0_Release|Any CPU = net_2_0_Release|Any CPU
		net_2_0_Release|Mixed Platforms = net_2_0_Release|Mixed Platforms
		net_2_0_Release|x86 = net_2_0_Release|x86
		net_3_5_Debug|Any CPU = net_3_5_Debug|Any CPU
		net_3_5_Debug|Mixed Platforms = net_3_5_Debug|Mixed Platforms
		net_3_5_Debug|x86 = net_3_5_Debug|x86
		net_3_5_Release|Any CPU = net_3_5_Release|Any CPU
		net_3_5_Release|Mixed Platforms = net_3_5_Release|Mixed Platforms
		net_3_5_Release|x86 = net_3_5_Release|x86
		net_4_0_Debug|Any CPU = net_4_0_Debug|Any CPU
		net_4_0_Debug|Mixed Platforms = net_4_0_Debug|Mixed Platforms
		net_4_0_Debug|x86 = net_4_0_Debug|x86
		net_4_0_Release|Any CPU = net_4_0_Release|Any CPU
		net_4_0_Release|Mixed Platforms = net_4_0_Release|Mixed Platforms
		net_4_0_Release|x86 = net_4_0_Release|x86
		Release|Any CPU = Release|Any CPU
		Release|Mixed Platforms = Release|Mixed Platforms
		Release|x86 = Release|x86
		silverlight_Debug|Any CPU = silverlight_Debug|Any CPU
		silverlight_Debug|Mixed Platforms = silverlight_Debug|Mixed Platforms
		silverlight_Debug|x86 = silverlight_Debug|x86
		silverlight_Release|Any CPU = silverlight_Release|Any CPU
		silverlight_Release|Mixed Platforms = silverlight_Release|Mixed Platforms
		silverlight_Release|x86 = silverlight_Release|x86
		winphone_Debug|Any CPU = winphone_Debug|Any CPU
		winphone_Debug|Mixed Platforms = winphone_Debug|Mixed Platforms
		winphone_Debug|x86 = winphone_Debug|x86
		winphone_Release|Any CPU = winphone_Release|Any CPU
		winphone_Release|Mixed Platforms = winphone_Release|Mixed Platforms
		winphone_Release|x86 = winphone_Release|x86
	EndGlobalSection
	GlobalSection(ProjectConfigurationPlatforms) = postSolution
		{A9F21F60-C68B-4C35-8260-A0BCC07634F0}.Debug|Any CPU.ActiveCfg = Debug|Any CPU
		{A9F21F60-C68B-4C35-8260-A0BCC07634F0}.Debug|Any CPU.Build.0 = Debug|Any CPU
		{A9F21F60-C68B-4C35-8260-A0BCC07634F0}.Debug|Mixed Platforms.ActiveCfg = Debug|Any CPU
		{A9F21F60-C68B-4C35-8260-A0BCC07634F0}.Debug|Mixed Platforms.Build.0 = Debug|Any CPU
		{A9F21F60-C68B-4C35-8260-A0BCC07634F0}.Debug|x86.ActiveCfg = Debug|Any CPU
		{A9F21F60-C68B-4C35-8260-A0BCC07634F0}.net_2_0_Debug|Any CPU.ActiveCfg = Debug|Any CPU
		{A9F21F60-C68B-4C35-8260-A0BCC07634F0}.net_2_0_Debug|Any CPU.Build.0 = Debug|Any CPU
		{A9F21F60-C68B-4C35-8260-A0BCC07634F0}.net_2_0_Debug|Mixed Platforms.ActiveCfg = Debug|Any CPU
		{A9F21F60-C68B-4C35-8260-A0BCC07634F0}.net_2_0_Debug|Mixed Platforms.Build.0 = Debug|Any CPU
		{A9F21F60-C68B-4C35-8260-A0BCC07634F0}.net_2_0_Debug|x86.ActiveCfg = Debug|Any CPU
		{A9F21F60-C68B-4C35-8260-A0BCC07634F0}.net_2_0_Release|Any CPU.ActiveCfg = Release|Any CPU
		{A9F21F60-C68B-4C35-8260-A0BCC07634F0}.net_2_0_Release|Any CPU.Build.0 = Release|Any CPU
		{A9F21F60-C68B-4C35-8260-A0BCC07634F0}.net_2_0_Release|Mixed Platforms.ActiveCfg = Release|Any CPU
		{A9F21F60-C68B-4C35-8260-A0BCC07634F0}.net_2_0_Release|Mixed Platforms.Build.0 = Release|Any CPU
		{A9F21F60-C68B-4C35-8260-A0BCC07634F0}.net_2_0_Release|x86.ActiveCfg = Release|Any CPU
		{A9F21F60-C68B-4C35-8260-A0BCC07634F0}.net_3_5_Debug|Any CPU.ActiveCfg = Debug|Any CPU
		{A9F21F60-C68B-4C35-8260-A0BCC07634F0}.net_3_5_Debug|Any CPU.Build.0 = Debug|Any CPU
		{A9F21F60-C68B-4C35-8260-A0BCC07634F0}.net_3_5_Debug|Mixed Platforms.ActiveCfg = Debug|Any CPU
		{A9F21F60-C68B-4C35-8260-A0BCC07634F0}.net_3_5_Debug|Mixed Platforms.Build.0 = Debug|Any CPU
		{A9F21F60-C68B-4C35-8260-A0BCC07634F0}.net_3_5_Debug|x86.ActiveCfg = Debug|Any CPU
		{A9F21F60-C68B-4C35-8260-A0BCC07634F0}.net_3_5_Release|Any CPU.ActiveCfg = Release|Any CPU
		{A9F21F60-C68B-4C35-8260-A0BCC07634F0}.net_3_5_Release|Any CPU.Build.0 = Release|Any CPU
		{A9F21F60-C68B-4C35-8260-A0BCC07634F0}.net_3_5_Release|Mixed Platforms.ActiveCfg = Release|Any CPU
		{A9F21F60-C68B-4C35-8260-A0BCC07634F0}.net_3_5_Release|Mixed Platforms.Build.0 = Release|Any CPU
		{A9F21F60-C68B-4C35-8260-A0BCC07634F0}.net_3_5_Release|x86.ActiveCfg = Release|Any CPU
		{A9F21F60-C68B-4C35-8260-A0BCC07634F0}.net_4_0_Debug|Any CPU.ActiveCfg = Debug|Any CPU
		{A9F21F60-C68B-4C35-8260-A0BCC07634F0}.net_4_0_Debug|Any CPU.Build.0 = Debug|Any CPU
		{A9F21F60-C68B-4C35-8260-A0BCC07634F0}.net_4_0_Debug|Mixed Platforms.ActiveCfg = Debug|Any CPU
		{A9F21F60-C68B-4C35-8260-A0BCC07634F0}.net_4_0_Debug|Mixed Platforms.Build.0 = Debug|Any CPU
		{A9F21F60-C68B-4C35-8260-A0BCC07634F0}.net_4_0_Debug|x86.ActiveCfg = Debug|Any CPU
		{A9F21F60-C68B-4C35-8260-A0BCC07634F0}.net_4_0_Release|Any CPU.ActiveCfg = Release|Any CPU
		{A9F21F60-C68B-4C35-8260-A0BCC07634F0}.net_4_0_Release|Any CPU.Build.0 = Release|Any CPU
		{A9F21F60-C68B-4C35-8260-A0BCC07634F0}.net_4_0_Release|Mixed Platforms.ActiveCfg = Release|Any CPU
		{A9F21F60-C68B-4C35-8260-A0BCC07634F0}.net_4_0_Release|Mixed Platforms.Build.0 = Release|Any CPU
		{A9F21F60-C68B-4C35-8260-A0BCC07634F0}.net_4_0_Release|x86.ActiveCfg = Release|Any CPU
		{A9F21F60-C68B-4C35-8260-A0BCC07634F0}.Release|Any CPU.ActiveCfg = Release|Any CPU
		{A9F21F60-C68B-4C35-8260-A0BCC07634F0}.Release|Any CPU.Build.0 = Release|Any CPU
		{A9F21F60-C68B-4C35-8260-A0BCC07634F0}.Release|Mixed Platforms.ActiveCfg = Release|Any CPU
		{A9F21F60-C68B-4C35-8260-A0BCC07634F0}.Release|Mixed Platforms.Build.0 = Release|Any CPU
		{A9F21F60-C68B-4C35-8260-A0BCC07634F0}.Release|x86.ActiveCfg = Release|Any CPU
		{A9F21F60-C68B-4C35-8260-A0BCC07634F0}.silverlight_Debug|Any CPU.ActiveCfg = Debug|Any CPU
		{A9F21F60-C68B-4C35-8260-A0BCC07634F0}.silverlight_Debug|Any CPU.Build.0 = Debug|Any CPU
		{A9F21F60-C68B-4C35-8260-A0BCC07634F0}.silverlight_Debug|Mixed Platforms.ActiveCfg = Debug|Any CPU
		{A9F21F60-C68B-4C35-8260-A0BCC07634F0}.silverlight_Debug|Mixed Platforms.Build.0 = Debug|Any CPU
		{A9F21F60-C68B-4C35-8260-A0BCC07634F0}.silverlight_Debug|x86.ActiveCfg = Debug|Any CPU
		{A9F21F60-C68B-4C35-8260-A0BCC07634F0}.silverlight_Release|Any CPU.ActiveCfg = Release|Any CPU
		{A9F21F60-C68B-4C35-8260-A0BCC07634F0}.silverlight_Release|Any CPU.Build.0 = Release|Any CPU
		{A9F21F60-C68B-4C35-8260-A0BCC07634F0}.silverlight_Release|Mixed Platforms.ActiveCfg = Release|Any CPU
		{A9F21F60-C68B-4C35-8260-A0BCC07634F0}.silverlight_Release|Mixed Platforms.Build.0 = Release|Any CPU
		{A9F21F60-C68B-4C35-8260-A0BCC07634F0}.silverlight_Release|x86.ActiveCfg = Release|Any CPU
		{A9F21F60-C68B-4C35-8260-A0BCC07634F0}.winphone_Debug|Any CPU.ActiveCfg = Debug|Any CPU
		{A9F21F60-C68B-4C35-8260-A0BCC07634F0}.winphone_Debug|Any CPU.Build.0 = Debug|Any CPU
		{A9F21F60-C68B-4C35-8260-A0BCC07634F0}.winphone_Debug|Mixed Platforms.ActiveCfg = Debug|Any CPU
		{A9F21F60-C68B-4C35-8260-A0BCC07634F0}.winphone_Debug|Mixed Platforms.Build.0 = Debug|Any CPU
		{A9F21F60-C68B-4C35-8260-A0BCC07634F0}.winphone_Debug|x86.ActiveCfg = Debug|Any CPU
		{A9F21F60-C68B-4C35-8260-A0BCC07634F0}.winphone_Release|Any CPU.ActiveCfg = Release|Any CPU
		{A9F21F60-C68B-4C35-8260-A0BCC07634F0}.winphone_Release|Any CPU.Build.0 = Release|Any CPU
		{A9F21F60-C68B-4C35-8260-A0BCC07634F0}.winphone_Release|Mixed Platforms.ActiveCfg = Release|Any CPU
		{A9F21F60-C68B-4C35-8260-A0BCC07634F0}.winphone_Release|Mixed Platforms.Build.0 = Release|Any CPU
		{A9F21F60-C68B-4C35-8260-A0BCC07634F0}.winphone_Release|x86.ActiveCfg = Release|Any CPU
		{95E6F269-3BF7-4087-8D23-BAB9EAAF600B}.Debug|Any CPU.ActiveCfg = Debug|Any CPU
		{95E6F269-3BF7-4087-8D23-BAB9EAAF600B}.Debug|Any CPU.Build.0 = Debug|Any CPU
		{95E6F269-3BF7-4087-8D23-BAB9EAAF600B}.Debug|Mixed Platforms.ActiveCfg = Debug|Any CPU
		{95E6F269-3BF7-4087-8D23-BAB9EAAF600B}.Debug|Mixed Platforms.Build.0 = Debug|Any CPU
		{95E6F269-3BF7-4087-8D23-BAB9EAAF600B}.Debug|x86.ActiveCfg = Debug|Any CPU
		{95E6F269-3BF7-4087-8D23-BAB9EAAF600B}.net_2_0_Debug|Any CPU.ActiveCfg = Debug|Any CPU
		{95E6F269-3BF7-4087-8D23-BAB9EAAF600B}.net_2_0_Debug|Any CPU.Build.0 = Debug|Any CPU
		{95E6F269-3BF7-4087-8D23-BAB9EAAF600B}.net_2_0_Debug|Mixed Platforms.ActiveCfg = Debug|Any CPU
		{95E6F269-3BF7-4087-8D23-BAB9EAAF600B}.net_2_0_Debug|Mixed Platforms.Build.0 = Debug|Any CPU
		{95E6F269-3BF7-4087-8D23-BAB9EAAF600B}.net_2_0_Debug|x86.ActiveCfg = Debug|Any CPU
		{95E6F269-3BF7-4087-8D23-BAB9EAAF600B}.net_2_0_Release|Any CPU.ActiveCfg = Release|Any CPU
		{95E6F269-3BF7-4087-8D23-BAB9EAAF600B}.net_2_0_Release|Any CPU.Build.0 = Release|Any CPU
		{95E6F269-3BF7-4087-8D23-BAB9EAAF600B}.net_2_0_Release|Mixed Platforms.ActiveCfg = Release|Any CPU
		{95E6F269-3BF7-4087-8D23-BAB9EAAF600B}.net_2_0_Release|Mixed Platforms.Build.0 = Release|Any CPU
		{95E6F269-3BF7-4087-8D23-BAB9EAAF600B}.net_2_0_Release|x86.ActiveCfg = Release|Any CPU
		{95E6F269-3BF7-4087-8D23-BAB9EAAF600B}.net_3_5_Debug|Any CPU.ActiveCfg = Debug|Any CPU
		{95E6F269-3BF7-4087-8D23-BAB9EAAF600B}.net_3_5_Debug|Any CPU.Build.0 = Debug|Any CPU
		{95E6F269-3BF7-4087-8D23-BAB9EAAF600B}.net_3_5_Debug|Mixed Platforms.ActiveCfg = Debug|Any CPU
		{95E6F269-3BF7-4087-8D23-BAB9EAAF600B}.net_3_5_Debug|Mixed Platforms.Build.0 = Debug|Any CPU
		{95E6F269-3BF7-4087-8D23-BAB9EAAF600B}.net_3_5_Debug|x86.ActiveCfg = Debug|Any CPU
		{95E6F269-3BF7-4087-8D23-BAB9EAAF600B}.net_3_5_Release|Any CPU.ActiveCfg = Release|Any CPU
		{95E6F269-3BF7-4087-8D23-BAB9EAAF600B}.net_3_5_Release|Any CPU.Build.0 = Release|Any CPU
		{95E6F269-3BF7-4087-8D23-BAB9EAAF600B}.net_3_5_Release|Mixed Platforms.ActiveCfg = Release|Any CPU
		{95E6F269-3BF7-4087-8D23-BAB9EAAF600B}.net_3_5_Release|Mixed Platforms.Build.0 = Release|Any CPU
		{95E6F269-3BF7-4087-8D23-BAB9EAAF600B}.net_3_5_Release|x86.ActiveCfg = Release|Any CPU
		{95E6F269-3BF7-4087-8D23-BAB9EAAF600B}.net_4_0_Debug|Any CPU.ActiveCfg = Debug|Any CPU
		{95E6F269-3BF7-4087-8D23-BAB9EAAF600B}.net_4_0_Debug|Any CPU.Build.0 = Debug|Any CPU
		{95E6F269-3BF7-4087-8D23-BAB9EAAF600B}.net_4_0_Debug|Mixed Platforms.ActiveCfg = Debug|Any CPU
		{95E6F269-3BF7-4087-8D23-BAB9EAAF600B}.net_4_0_Debug|Mixed Platforms.Build.0 = Debug|Any CPU
		{95E6F269-3BF7-4087-8D23-BAB9EAAF600B}.net_4_0_Debug|x86.ActiveCfg = Debug|Any CPU
		{95E6F269-3BF7-4087-8D23-BAB9EAAF600B}.net_4_0_Release|Any CPU.ActiveCfg = Release|Any CPU
		{95E6F269-3BF7-4087-8D23-BAB9EAAF600B}.net_4_0_Release|Any CPU.Build.0 = Release|Any CPU
		{95E6F269-3BF7-4087-8D23-BAB9EAAF600B}.net_4_0_Release|Mixed Platforms.ActiveCfg = Release|Any CPU
		{95E6F269-3BF7-4087-8D23-BAB9EAAF600B}.net_4_0_Release|Mixed Platforms.Build.0 = Release|Any CPU
		{95E6F269-3BF7-4087-8D23-BAB9EAAF600B}.net_4_0_Release|x86.ActiveCfg = Release|Any CPU
		{95E6F269-3BF7-4087-8D23-BAB9EAAF600B}.Release|Any CPU.ActiveCfg = Release|Any CPU
		{95E6F269-3BF7-4087-8D23-BAB9EAAF600B}.Release|Any CPU.Build.0 = Release|Any CPU
		{95E6F269-3BF7-4087-8D23-BAB9EAAF600B}.Release|Mixed Platforms.ActiveCfg = Release|Any CPU
		{95E6F269-3BF7-4087-8D23-BAB9EAAF600B}.Release|Mixed Platforms.Build.0 = Release|Any CPU
		{95E6F269-3BF7-4087-8D23-BAB9EAAF600B}.Release|x86.ActiveCfg = Release|Any CPU
		{95E6F269-3BF7-4087-8D23-BAB9EAAF600B}.silverlight_Debug|Any CPU.ActiveCfg = Debug|Any CPU
		{95E6F269-3BF7-4087-8D23-BAB9EAAF600B}.silverlight_Debug|Any CPU.Build.0 = Debug|Any CPU
		{95E6F269-3BF7-4087-8D23-BAB9EAAF600B}.silverlight_Debug|Mixed Platforms.ActiveCfg = Debug|Any CPU
		{95E6F269-3BF7-4087-8D23-BAB9EAAF600B}.silverlight_Debug|Mixed Platforms.Build.0 = Debug|Any CPU
		{95E6F269-3BF7-4087-8D23-BAB9EAAF600B}.silverlight_Debug|x86.ActiveCfg = Debug|Any CPU
		{95E6F269-3BF7-4087-8D23-BAB9EAAF600B}.silverlight_Release|Any CPU.ActiveCfg = Release|Any CPU
		{95E6F269-3BF7-4087-8D23-BAB9EAAF600B}.silverlight_Release|Any CPU.Build.0 = Release|Any CPU
		{95E6F269-3BF7-4087-8D23-BAB9EAAF600B}.silverlight_Release|Mixed Platforms.ActiveCfg = Release|Any CPU
		{95E6F269-3BF7-4087-8D23-BAB9EAAF600B}.silverlight_Release|Mixed Platforms.Build.0 = Release|Any CPU
		{95E6F269-3BF7-4087-8D23-BAB9EAAF600B}.silverlight_Release|x86.ActiveCfg = Release|Any CPU
		{95E6F269-3BF7-4087-8D23-BAB9EAAF600B}.winphone_Debug|Any CPU.ActiveCfg = Debug|Any CPU
		{95E6F269-3BF7-4087-8D23-BAB9EAAF600B}.winphone_Debug|Any CPU.Build.0 = Debug|Any CPU
		{95E6F269-3BF7-4087-8D23-BAB9EAAF600B}.winphone_Debug|Mixed Platforms.ActiveCfg = Debug|Any CPU
		{95E6F269-3BF7-4087-8D23-BAB9EAAF600B}.winphone_Debug|Mixed Platforms.Build.0 = Debug|Any CPU
		{95E6F269-3BF7-4087-8D23-BAB9EAAF600B}.winphone_Debug|x86.ActiveCfg = Debug|Any CPU
		{95E6F269-3BF7-4087-8D23-BAB9EAAF600B}.winphone_Release|Any CPU.ActiveCfg = Release|Any CPU
		{95E6F269-3BF7-4087-8D23-BAB9EAAF600B}.winphone_Release|Any CPU.Build.0 = Release|Any CPU
		{95E6F269-3BF7-4087-8D23-BAB9EAAF600B}.winphone_Release|Mixed Platforms.ActiveCfg = Release|Any CPU
		{95E6F269-3BF7-4087-8D23-BAB9EAAF600B}.winphone_Release|Mixed Platforms.Build.0 = Release|Any CPU
		{95E6F269-3BF7-4087-8D23-BAB9EAAF600B}.winphone_Release|x86.ActiveCfg = Release|Any CPU
		{0E534898-AA45-405E-9411-9D302F1E4278}.Debug|Any CPU.ActiveCfg = Debug|Any CPU
		{0E534898-AA45-405E-9411-9D302F1E4278}.Debug|Any CPU.Build.0 = Debug|Any CPU
		{0E534898-AA45-405E-9411-9D302F1E4278}.Debug|Mixed Platforms.ActiveCfg = Debug|Any CPU
		{0E534898-AA45-405E-9411-9D302F1E4278}.Debug|Mixed Platforms.Build.0 = Debug|Any CPU
		{0E534898-AA45-405E-9411-9D302F1E4278}.Debug|x86.ActiveCfg = Debug|Any CPU
		{0E534898-AA45-405E-9411-9D302F1E4278}.net_2_0_Debug|Any CPU.ActiveCfg = Debug|Any CPU
		{0E534898-AA45-405E-9411-9D302F1E4278}.net_2_0_Debug|Any CPU.Build.0 = Debug|Any CPU
		{0E534898-AA45-405E-9411-9D302F1E4278}.net_2_0_Debug|Mixed Platforms.ActiveCfg = Debug|Any CPU
		{0E534898-AA45-405E-9411-9D302F1E4278}.net_2_0_Debug|Mixed Platforms.Build.0 = Debug|Any CPU
		{0E534898-AA45-405E-9411-9D302F1E4278}.net_2_0_Debug|x86.ActiveCfg = Debug|Any CPU
		{0E534898-AA45-405E-9411-9D302F1E4278}.net_2_0_Release|Any CPU.ActiveCfg = Release|Any CPU
		{0E534898-AA45-405E-9411-9D302F1E4278}.net_2_0_Release|Any CPU.Build.0 = Release|Any CPU
		{0E534898-AA45-405E-9411-9D302F1E4278}.net_2_0_Release|Mixed Platforms.ActiveCfg = Release|Any CPU
		{0E534898-AA45-405E-9411-9D302F1E4278}.net_2_0_Release|Mixed Platforms.Build.0 = Release|Any CPU
		{0E534898-AA45-405E-9411-9D302F1E4278}.net_2_0_Release|x86.ActiveCfg = Release|Any CPU
		{0E534898-AA45-405E-9411-9D302F1E4278}.net_3_5_Debug|Any CPU.ActiveCfg = Debug|Any CPU
		{0E534898-AA45-405E-9411-9D302F1E4278}.net_3_5_Debug|Any CPU.Build.0 = Debug|Any CPU
		{0E534898-AA45-405E-9411-9D302F1E4278}.net_3_5_Debug|Mixed Platforms.ActiveCfg = Debug|Any CPU
		{0E534898-AA45-405E-9411-9D302F1E4278}.net_3_5_Debug|Mixed Platforms.Build.0 = Debug|Any CPU
		{0E534898-AA45-405E-9411-9D302F1E4278}.net_3_5_Debug|x86.ActiveCfg = Debug|Any CPU
		{0E534898-AA45-405E-9411-9D302F1E4278}.net_3_5_Release|Any CPU.ActiveCfg = Release|Any CPU
		{0E534898-AA45-405E-9411-9D302F1E4278}.net_3_5_Release|Any CPU.Build.0 = Release|Any CPU
		{0E534898-AA45-405E-9411-9D302F1E4278}.net_3_5_Release|Mixed Platforms.ActiveCfg = Release|Any CPU
		{0E534898-AA45-405E-9411-9D302F1E4278}.net_3_5_Release|Mixed Platforms.Build.0 = Release|Any CPU
		{0E534898-AA45-405E-9411-9D302F1E4278}.net_3_5_Release|x86.ActiveCfg = Release|Any CPU
		{0E534898-AA45-405E-9411-9D302F1E4278}.net_4_0_Debug|Any CPU.ActiveCfg = Debug|Any CPU
		{0E534898-AA45-405E-9411-9D302F1E4278}.net_4_0_Debug|Any CPU.Build.0 = Debug|Any CPU
		{0E534898-AA45-405E-9411-9D302F1E4278}.net_4_0_Debug|Mixed Platforms.ActiveCfg = Debug|Any CPU
		{0E534898-AA45-405E-9411-9D302F1E4278}.net_4_0_Debug|Mixed Platforms.Build.0 = Debug|Any CPU
		{0E534898-AA45-405E-9411-9D302F1E4278}.net_4_0_Debug|x86.ActiveCfg = Debug|Any CPU
		{0E534898-AA45-405E-9411-9D302F1E4278}.net_4_0_Release|Any CPU.ActiveCfg = Release|Any CPU
		{0E534898-AA45-405E-9411-9D302F1E4278}.net_4_0_Release|Any CPU.Build.0 = Release|Any CPU
		{0E534898-AA45-405E-9411-9D302F1E4278}.net_4_0_Release|Mixed Platforms.ActiveCfg = Release|Any CPU
		{0E534898-AA45-405E-9411-9D302F1E4278}.net_4_0_Release|Mixed Platforms.Build.0 = Release|Any CPU
		{0E534898-AA45-405E-9411-9D302F1E4278}.net_4_0_Release|x86.ActiveCfg = Release|Any CPU
		{0E534898-AA45-405E-9411-9D302F1E4278}.Release|Any CPU.ActiveCfg = Release|Any CPU
		{0E534898-AA45-405E-9411-9D302F1E4278}.Release|Any CPU.Build.0 = Release|Any CPU
		{0E534898-AA45-405E-9411-9D302F1E4278}.Release|Mixed Platforms.ActiveCfg = Release|Any CPU
		{0E534898-AA45-405E-9411-9D302F1E4278}.Release|Mixed Platforms.Build.0 = Release|Any CPU
		{0E534898-AA45-405E-9411-9D302F1E4278}.Release|x86.ActiveCfg = Release|Any CPU
		{0E534898-AA45-405E-9411-9D302F1E4278}.silverlight_Debug|Any CPU.ActiveCfg = Debug|Any CPU
		{0E534898-AA45-405E-9411-9D302F1E4278}.silverlight_Debug|Any CPU.Build.0 = Debug|Any CPU
		{0E534898-AA45-405E-9411-9D302F1E4278}.silverlight_Debug|Mixed Platforms.ActiveCfg = Debug|Any CPU
		{0E534898-AA45-405E-9411-9D302F1E4278}.silverlight_Debug|Mixed Platforms.Build.0 = Debug|Any CPU
		{0E534898-AA45-405E-9411-9D302F1E4278}.silverlight_Debug|x86.ActiveCfg = Debug|Any CPU
		{0E534898-AA45-405E-9411-9D302F1E4278}.silverlight_Release|Any CPU.ActiveCfg = Release|Any CPU
		{0E534898-AA45-405E-9411-9D302F1E4278}.silverlight_Release|Any CPU.Build.0 = Release|Any CPU
		{0E534898-AA45-405E-9411-9D302F1E4278}.silverlight_Release|Mixed Platforms.ActiveCfg = Release|Any CPU
		{0E534898-AA45-405E-9411-9D302F1E4278}.silverlight_Release|Mixed Platforms.Build.0 = Release|Any CPU
		{0E534898-AA45-405E-9411-9D302F1E4278}.silverlight_Release|x86.ActiveCfg = Release|Any CPU
		{0E534898-AA45-405E-9411-9D302F1E4278}.winphone_Debug|Any CPU.ActiveCfg = Debug|Any CPU
		{0E534898-AA45-405E-9411-9D302F1E4278}.winphone_Debug|Any CPU.Build.0 = Debug|Any CPU
		{0E534898-AA45-405E-9411-9D302F1E4278}.winphone_Debug|Mixed Platforms.ActiveCfg = Debug|Any CPU
		{0E534898-AA45-405E-9411-9D302F1E4278}.winphone_Debug|Mixed Platforms.Build.0 = Debug|Any CPU
		{0E534898-AA45-405E-9411-9D302F1E4278}.winphone_Debug|x86.ActiveCfg = Debug|Any CPU
		{0E534898-AA45-405E-9411-9D302F1E4278}.winphone_Release|Any CPU.ActiveCfg = Release|Any CPU
		{0E534898-AA45-405E-9411-9D302F1E4278}.winphone_Release|Any CPU.Build.0 = Release|Any CPU
		{0E534898-AA45-405E-9411-9D302F1E4278}.winphone_Release|Mixed Platforms.ActiveCfg = Release|Any CPU
		{0E534898-AA45-405E-9411-9D302F1E4278}.winphone_Release|Mixed Platforms.Build.0 = Release|Any CPU
		{0E534898-AA45-405E-9411-9D302F1E4278}.winphone_Release|x86.ActiveCfg = Release|Any CPU
		{D68133BD-1E63-496E-9EDE-4FBDBF77B486}.Debug|Any CPU.ActiveCfg = net_4_0_Debug|Any CPU
		{D68133BD-1E63-496E-9EDE-4FBDBF77B486}.Debug|Any CPU.Build.0 = net_4_0_Debug|Any CPU
		{D68133BD-1E63-496E-9EDE-4FBDBF77B486}.Debug|Mixed Platforms.ActiveCfg = winphone_Release|Any CPU
		{D68133BD-1E63-496E-9EDE-4FBDBF77B486}.Debug|Mixed Platforms.Build.0 = winphone_Release|Any CPU
		{D68133BD-1E63-496E-9EDE-4FBDBF77B486}.Debug|x86.ActiveCfg = winphone_Release|Any CPU
		{D68133BD-1E63-496E-9EDE-4FBDBF77B486}.net_2_0_Debug|Any CPU.ActiveCfg = net_2_0_Debug|Any CPU
		{D68133BD-1E63-496E-9EDE-4FBDBF77B486}.net_2_0_Debug|Any CPU.Build.0 = net_2_0_Debug|Any CPU
		{D68133BD-1E63-496E-9EDE-4FBDBF77B486}.net_2_0_Debug|Mixed Platforms.ActiveCfg = net_2_0_Debug|Any CPU
		{D68133BD-1E63-496E-9EDE-4FBDBF77B486}.net_2_0_Debug|Mixed Platforms.Build.0 = net_2_0_Debug|Any CPU
		{D68133BD-1E63-496E-9EDE-4FBDBF77B486}.net_2_0_Debug|x86.ActiveCfg = net_2_0_Debug|Any CPU
		{D68133BD-1E63-496E-9EDE-4FBDBF77B486}.net_2_0_Release|Any CPU.ActiveCfg = net_2_0_Release|Any CPU
		{D68133BD-1E63-496E-9EDE-4FBDBF77B486}.net_2_0_Release|Any CPU.Build.0 = net_2_0_Release|Any CPU
		{D68133BD-1E63-496E-9EDE-4FBDBF77B486}.net_2_0_Release|Mixed Platforms.ActiveCfg = net_2_0_Release|Any CPU
		{D68133BD-1E63-496E-9EDE-4FBDBF77B486}.net_2_0_Release|Mixed Platforms.Build.0 = net_2_0_Release|Any CPU
		{D68133BD-1E63-496E-9EDE-4FBDBF77B486}.net_2_0_Release|x86.ActiveCfg = net_2_0_Release|Any CPU
		{D68133BD-1E63-496E-9EDE-4FBDBF77B486}.net_3_5_Debug|Any CPU.ActiveCfg = net_3_5_Debug|Any CPU
		{D68133BD-1E63-496E-9EDE-4FBDBF77B486}.net_3_5_Debug|Any CPU.Build.0 = net_3_5_Debug|Any CPU
		{D68133BD-1E63-496E-9EDE-4FBDBF77B486}.net_3_5_Debug|Mixed Platforms.ActiveCfg = net_3_5_Debug|Any CPU
		{D68133BD-1E63-496E-9EDE-4FBDBF77B486}.net_3_5_Debug|Mixed Platforms.Build.0 = net_3_5_Debug|Any CPU
		{D68133BD-1E63-496E-9EDE-4FBDBF77B486}.net_3_5_Debug|x86.ActiveCfg = net_3_5_Debug|Any CPU
		{D68133BD-1E63-496E-9EDE-4FBDBF77B486}.net_3_5_Release|Any CPU.ActiveCfg = net_3_5_Release|Any CPU
		{D68133BD-1E63-496E-9EDE-4FBDBF77B486}.net_3_5_Release|Any CPU.Build.0 = net_3_5_Release|Any CPU
		{D68133BD-1E63-496E-9EDE-4FBDBF77B486}.net_3_5_Release|Mixed Platforms.ActiveCfg = net_3_5_Release|Any CPU
		{D68133BD-1E63-496E-9EDE-4FBDBF77B486}.net_3_5_Release|Mixed Platforms.Build.0 = net_3_5_Release|Any CPU
		{D68133BD-1E63-496E-9EDE-4FBDBF77B486}.net_3_5_Release|x86.ActiveCfg = net_3_5_Release|Any CPU
		{D68133BD-1E63-496E-9EDE-4FBDBF77B486}.net_4_0_Debug|Any CPU.ActiveCfg = net_4_0_Debug|Any CPU
		{D68133BD-1E63-496E-9EDE-4FBDBF77B486}.net_4_0_Debug|Any CPU.Build.0 = net_4_0_Debug|Any CPU
		{D68133BD-1E63-496E-9EDE-4FBDBF77B486}.net_4_0_Debug|Mixed Platforms.ActiveCfg = net_4_0_Debug|Any CPU
		{D68133BD-1E63-496E-9EDE-4FBDBF77B486}.net_4_0_Debug|Mixed Platforms.Build.0 = net_4_0_Debug|Any CPU
		{D68133BD-1E63-496E-9EDE-4FBDBF77B486}.net_4_0_Debug|x86.ActiveCfg = net_4_0_Debug|Any CPU
		{D68133BD-1E63-496E-9EDE-4FBDBF77B486}.net_4_0_Release|Any CPU.ActiveCfg = net_4_0_Release|Any CPU
		{D68133BD-1E63-496E-9EDE-4FBDBF77B486}.net_4_0_Release|Any CPU.Build.0 = net_4_0_Release|Any CPU
		{D68133BD-1E63-496E-9EDE-4FBDBF77B486}.net_4_0_Release|Mixed Platforms.ActiveCfg = net_4_0_Release|Any CPU
		{D68133BD-1E63-496E-9EDE-4FBDBF77B486}.net_4_0_Release|Mixed Platforms.Build.0 = net_4_0_Release|Any CPU
		{D68133BD-1E63-496E-9EDE-4FBDBF77B486}.net_4_0_Release|x86.ActiveCfg = net_4_0_Release|Any CPU
		{D68133BD-1E63-496E-9EDE-4FBDBF77B486}.Release|Any CPU.ActiveCfg = winphone_Release|Any CPU
		{D68133BD-1E63-496E-9EDE-4FBDBF77B486}.Release|Any CPU.Build.0 = winphone_Release|Any CPU
		{D68133BD-1E63-496E-9EDE-4FBDBF77B486}.Release|Mixed Platforms.ActiveCfg = winphone_Release|Any CPU
		{D68133BD-1E63-496E-9EDE-4FBDBF77B486}.Release|Mixed Platforms.Build.0 = winphone_Release|Any CPU
		{D68133BD-1E63-496E-9EDE-4FBDBF77B486}.Release|x86.ActiveCfg = winphone_Release|Any CPU
		{D68133BD-1E63-496E-9EDE-4FBDBF77B486}.silverlight_Debug|Any CPU.ActiveCfg = silverlight_Debug|Any CPU
		{D68133BD-1E63-496E-9EDE-4FBDBF77B486}.silverlight_Debug|Any CPU.Build.0 = silverlight_Debug|Any CPU
		{D68133BD-1E63-496E-9EDE-4FBDBF77B486}.silverlight_Debug|Mixed Platforms.ActiveCfg = silverlight_Debug|Any CPU
		{D68133BD-1E63-496E-9EDE-4FBDBF77B486}.silverlight_Debug|Mixed Platforms.Build.0 = silverlight_Debug|Any CPU
		{D68133BD-1E63-496E-9EDE-4FBDBF77B486}.silverlight_Debug|x86.ActiveCfg = silverlight_Debug|Any CPU
		{D68133BD-1E63-496E-9EDE-4FBDBF77B486}.silverlight_Release|Any CPU.ActiveCfg = silverlight_Release|Any CPU
		{D68133BD-1E63-496E-9EDE-4FBDBF77B486}.silverlight_Release|Any CPU.Build.0 = silverlight_Release|Any CPU
		{D68133BD-1E63-496E-9EDE-4FBDBF77B486}.silverlight_Release|Mixed Platforms.ActiveCfg = silverlight_Release|Any CPU
		{D68133BD-1E63-496E-9EDE-4FBDBF77B486}.silverlight_Release|Mixed Platforms.Build.0 = silverlight_Release|Any CPU
		{D68133BD-1E63-496E-9EDE-4FBDBF77B486}.silverlight_Release|x86.ActiveCfg = silverlight_Release|Any CPU
		{D68133BD-1E63-496E-9EDE-4FBDBF77B486}.winphone_Debug|Any CPU.ActiveCfg = winphone_Debug|Any CPU
		{D68133BD-1E63-496E-9EDE-4FBDBF77B486}.winphone_Debug|Any CPU.Build.0 = winphone_Debug|Any CPU
		{D68133BD-1E63-496E-9EDE-4FBDBF77B486}.winphone_Debug|Mixed Platforms.ActiveCfg = winphone_Debug|Any CPU
		{D68133BD-1E63-496E-9EDE-4FBDBF77B486}.winphone_Debug|Mixed Platforms.Build.0 = winphone_Debug|Any CPU
		{D68133BD-1E63-496E-9EDE-4FBDBF77B486}.winphone_Debug|x86.ActiveCfg = winphone_Debug|Any CPU
		{D68133BD-1E63-496E-9EDE-4FBDBF77B486}.winphone_Release|Any CPU.ActiveCfg = winphone_Release|Any CPU
		{D68133BD-1E63-496E-9EDE-4FBDBF77B486}.winphone_Release|Any CPU.Build.0 = winphone_Release|Any CPU
		{D68133BD-1E63-496E-9EDE-4FBDBF77B486}.winphone_Release|Mixed Platforms.ActiveCfg = winphone_Release|Any CPU
		{D68133BD-1E63-496E-9EDE-4FBDBF77B486}.winphone_Release|Mixed Platforms.Build.0 = winphone_Release|Any CPU
		{D68133BD-1E63-496E-9EDE-4FBDBF77B486}.winphone_Release|x86.ActiveCfg = winphone_Release|Any CPU
		{A9C22D19-786A-4C99-BFB6-715F710FA3A9}.Debug|Any CPU.ActiveCfg = Debug|x86
		{A9C22D19-786A-4C99-BFB6-715F710FA3A9}.Debug|Mixed Platforms.ActiveCfg = Debug|x86
		{A9C22D19-786A-4C99-BFB6-715F710FA3A9}.Debug|Mixed Platforms.Build.0 = Debug|x86
		{A9C22D19-786A-4C99-BFB6-715F710FA3A9}.Debug|x86.ActiveCfg = Debug|x86
		{A9C22D19-786A-4C99-BFB6-715F710FA3A9}.Debug|x86.Build.0 = Debug|x86
		{A9C22D19-786A-4C99-BFB6-715F710FA3A9}.net_2_0_Debug|Any CPU.ActiveCfg = Debug|x86
		{A9C22D19-786A-4C99-BFB6-715F710FA3A9}.net_2_0_Debug|Mixed Platforms.ActiveCfg = Debug|x86
		{A9C22D19-786A-4C99-BFB6-715F710FA3A9}.net_2_0_Debug|Mixed Platforms.Build.0 = Debug|x86
		{A9C22D19-786A-4C99-BFB6-715F710FA3A9}.net_2_0_Debug|x86.ActiveCfg = Debug|x86
		{A9C22D19-786A-4C99-BFB6-715F710FA3A9}.net_2_0_Debug|x86.Build.0 = Debug|x86
		{A9C22D19-786A-4C99-BFB6-715F710FA3A9}.net_2_0_Release|Any CPU.ActiveCfg = Release|x86
		{A9C22D19-786A-4C99-BFB6-715F710FA3A9}.net_2_0_Release|Mixed Platforms.ActiveCfg = Release|x86
		{A9C22D19-786A-4C99-BFB6-715F710FA3A9}.net_2_0_Release|Mixed Platforms.Build.0 = Release|x86
		{A9C22D19-786A-4C99-BFB6-715F710FA3A9}.net_2_0_Release|x86.ActiveCfg = Release|x86
		{A9C22D19-786A-4C99-BFB6-715F710FA3A9}.net_2_0_Release|x86.Build.0 = Release|x86
		{A9C22D19-786A-4C99-BFB6-715F710FA3A9}.net_3_5_Debug|Any CPU.ActiveCfg = Debug|x86
		{A9C22D19-786A-4C99-BFB6-715F710FA3A9}.net_3_5_Debug|Mixed Platforms.ActiveCfg = Debug|x86
		{A9C22D19-786A-4C99-BFB6-715F710FA3A9}.net_3_5_Debug|Mixed Platforms.Build.0 = Debug|x86
		{A9C22D19-786A-4C99-BFB6-715F710FA3A9}.net_3_5_Debug|x86.ActiveCfg = Debug|x86
		{A9C22D19-786A-4C99-BFB6-715F710FA3A9}.net_3_5_Debug|x86.Build.0 = Debug|x86
		{A9C22D19-786A-4C99-BFB6-715F710FA3A9}.net_3_5_Release|Any CPU.ActiveCfg = Release|x86
		{A9C22D19-786A-4C99-BFB6-715F710FA3A9}.net_3_5_Release|Mixed Platforms.ActiveCfg = Release|x86
		{A9C22D19-786A-4C99-BFB6-715F710FA3A9}.net_3_5_Release|Mixed Platforms.Build.0 = Release|x86
		{A9C22D19-786A-4C99-BFB6-715F710FA3A9}.net_3_5_Release|x86.ActiveCfg = Release|x86
		{A9C22D19-786A-4C99-BFB6-715F710FA3A9}.net_3_5_Release|x86.Build.0 = Release|x86
		{A9C22D19-786A-4C99-BFB6-715F710FA3A9}.net_4_0_Debug|Any CPU.ActiveCfg = Debug|x86
		{A9C22D19-786A-4C99-BFB6-715F710FA3A9}.net_4_0_Debug|Mixed Platforms.ActiveCfg = Debug|x86
		{A9C22D19-786A-4C99-BFB6-715F710FA3A9}.net_4_0_Debug|Mixed Platforms.Build.0 = Debug|x86
		{A9C22D19-786A-4C99-BFB6-715F710FA3A9}.net_4_0_Debug|x86.ActiveCfg = Debug|x86
		{A9C22D19-786A-4C99-BFB6-715F710FA3A9}.net_4_0_Debug|x86.Build.0 = Debug|x86
		{A9C22D19-786A-4C99-BFB6-715F710FA3A9}.net_4_0_Release|Any CPU.ActiveCfg = Release|x86
		{A9C22D19-786A-4C99-BFB6-715F710FA3A9}.net_4_0_Release|Mixed Platforms.ActiveCfg = Release|x86
		{A9C22D19-786A-4C99-BFB6-715F710FA3A9}.net_4_0_Release|Mixed Platforms.Build.0 = Release|x86
		{A9C22D19-786A-4C99-BFB6-715F710FA3A9}.net_4_0_Release|x86.ActiveCfg = Release|x86
		{A9C22D19-786A-4C99-BFB6-715F710FA3A9}.net_4_0_Release|x86.Build.0 = Release|x86
		{A9C22D19-786A-4C99-BFB6-715F710FA3A9}.Release|Any CPU.ActiveCfg = Release|x86
		{A9C22D19-786A-4C99-BFB6-715F710FA3A9}.Release|Mixed Platforms.ActiveCfg = Release|x86
		{A9C22D19-786A-4C99-BFB6-715F710FA3A9}.Release|Mixed Platforms.Build.0 = Release|x86
		{A9C22D19-786A-4C99-BFB6-715F710FA3A9}.Release|x86.ActiveCfg = Release|x86
		{A9C22D19-786A-4C99-BFB6-715F710FA3A9}.Release|x86.Build.0 = Release|x86
		{A9C22D19-786A-4C99-BFB6-715F710FA3A9}.silverlight_Debug|Any CPU.ActiveCfg = Debug|x86
		{A9C22D19-786A-4C99-BFB6-715F710FA3A9}.silverlight_Debug|Mixed Platforms.ActiveCfg = Debug|x86
		{A9C22D19-786A-4C99-BFB6-715F710FA3A9}.silverlight_Debug|Mixed Platforms.Build.0 = Debug|x86
		{A9C22D19-786A-4C99-BFB6-715F710FA3A9}.silverlight_Debug|x86.ActiveCfg = Debug|x86
		{A9C22D19-786A-4C99-BFB6-715F710FA3A9}.silverlight_Debug|x86.Build.0 = Debug|x86
		{A9C22D19-786A-4C99-BFB6-715F710FA3A9}.silverlight_Release|Any CPU.ActiveCfg = Release|x86
		{A9C22D19-786A-4C99-BFB6-715F710FA3A9}.silverlight_Release|Mixed Platforms.ActiveCfg = Release|x86
		{A9C22D19-786A-4C99-BFB6-715F710FA3A9}.silverlight_Release|Mixed Platforms.Build.0 = Release|x86
		{A9C22D19-786A-4C99-BFB6-715F710FA3A9}.silverlight_Release|x86.ActiveCfg = Release|x86
		{A9C22D19-786A-4C99-BFB6-715F710FA3A9}.silverlight_Release|x86.Build.0 = Release|x86
		{A9C22D19-786A-4C99-BFB6-715F710FA3A9}.winphone_Debug|Any CPU.ActiveCfg = Debug|x86
		{A9C22D19-786A-4C99-BFB6-715F710FA3A9}.winphone_Debug|Mixed Platforms.ActiveCfg = Debug|x86
		{A9C22D19-786A-4C99-BFB6-715F710FA3A9}.winphone_Debug|Mixed Platforms.Build.0 = Debug|x86
		{A9C22D19-786A-4C99-BFB6-715F710FA3A9}.winphone_Debug|x86.ActiveCfg = Debug|x86
		{A9C22D19-786A-4C99-BFB6-715F710FA3A9}.winphone_Debug|x86.Build.0 = Debug|x86
		{A9C22D19-786A-4C99-BFB6-715F710FA3A9}.winphone_Release|Any CPU.ActiveCfg = Release|x86
		{A9C22D19-786A-4C99-BFB6-715F710FA3A9}.winphone_Release|Mixed Platforms.ActiveCfg = Release|x86
		{A9C22D19-786A-4C99-BFB6-715F710FA3A9}.winphone_Release|Mixed Platforms.Build.0 = Release|x86
		{A9C22D19-786A-4C99-BFB6-715F710FA3A9}.winphone_Release|x86.ActiveCfg = Release|x86
		{A9C22D19-786A-4C99-BFB6-715F710FA3A9}.winphone_Release|x86.Build.0 = Release|x86
	EndGlobalSection
	GlobalSection(SolutionProperties) = preSolution
		HideSolutionNode = FALSE
	EndGlobalSection
EndGlobal
